PODS:
  - capstone/ARM (3.0.5)
  - Minizip (1.0.0)

DEPENDENCIES:
  - capstone/ARM (from `capstone.podspec`)
  - Minizip

SPEC REPOS:
  https://github.com/CocoaPods/Specs.git:
    - Minizip

EXTERNAL SOURCES:
  capstone:
    :podspec: capstone.podspec

SPEC CHECKSUMS:
  capstone: cd4f740994d6ca3b3f30788aa8280c4671427ab7
  Minizip: 188cb3e39a1195c283ae03bf673d182596fefd0b

PODFILE CHECKSUM: 952e04f283fc6a3fa66a6d66c5281230ef5c8405

COCOAPODS: 1.9.3
